
Microsoft Visual Studio Solution File, Format Version 12.00
# Visual Studio 14
VisualStudioVersion = 14.0.25420.1
MinimumVisualStudioVersion = 10.0.40219.1
Project("{FAE04EC0-301F-11D3-BF4B-00C04F79EFBC}") = "det", "det\det.csproj", "{5E130813-8C6B-4561-BF09-42D0059F2F61}"
EndProject
Project("{FAE04EC0-301F-11D3-BF4B-00C04F79EFBC}") = "detWinForm", "detWinForm\detWinForm.csproj", "{4DB3A7DF-9C4A-4DAE-92B1-12CA37F815A3}"
EndProject
Project("{2150E333-8FDC-42A3-9474-1A3956D46DE8}") = "Solution Items", "Solution Items", "{600ECC20-C0D7-4E2D-A437-8128D166DAD2}"
	ProjectSection(SolutionItems) = preProject
		.gitignore = .gitignore
	EndProjectSection
EndProject
Global
	GlobalSection(SolutionConfigurationPlatforms) = preSolution
		Debug|Any CPU = Debug|Any CPU
		Release|Any CPU = Release|Any CPU
	EndGlobalSection
	GlobalSection(ProjectConfigurationPlatforms) = postSolution
		{5E130813-8C6B-4561-BF09-42D0059F2F61}.Debug|Any CPU.ActiveCfg = Debug|Any CPU
		{5E130813-8C6B-4561-BF09-42D0059F2F61}.Debug|Any CPU.Build.0 = Debug|Any CPU
		{5E130813-8C6B-4561-BF09-42D0059F2F61}.Release|Any CPU.ActiveCfg = Release|Any CPU
		{5E130813-8C6B-4561-BF09-42D0059F2F61}.Release|Any CPU.Build.0 = Release|Any CPU
		{4DB3A7DF-9C4A-4DAE-92B1-12CA37F815A3}.Debug|Any CPU.ActiveCfg = Debug|Any CPU
		{4DB3A7DF-9C4A-4DAE-92B1-12CA37F815A3}.Debug|Any CPU.Build.0 = Debug|Any CPU
		{4DB3A7DF-9C4A-4DAE-92B1-12CA37F815A3}.Release|Any CPU.ActiveCfg = Release|Any CPU
		{4DB3A7DF-9C4A-4DAE-92B1-12CA37F815A3}.Release|Any CPU.Build.0 = Release|Any CPU
	EndGlobalSection
	GlobalSection(SolutionProperties) = preSolution
		HideSolutionNode = FALSE
	EndGlobalSection
EndGlobal
